lockfileVersion: '6.0'

settings:
  autoInstallPeers: true
  excludeLinksFromLockfile: false

importers:

  .:
    devDependencies:
      '@farmfe/plugin-tools':
        specifier: latest
        version: 0.1.1

  packages/dsv: {}

  packages/image: {}

  packages/react-components: {}

  packages/strip: {}

  packages/url: {}

  packages/virtual: {}

  packages/yaml: {}

packages:

  /@farmfe/plugin-tools@0.1.1:
    resolution: {integrity: sha512-7ox1VgCI5AWFrIUQVLEYGdqCSGNBJYRC0Yhu5sK0a/sR/OSaZa97MdiKA80LkM6UgK+dDFy49rPre10U/M7yww==}
    hasBin: true
    dependencies:
      '@farmfe/utils': 0.1.0
      '@napi-rs/cli': 2.18.4
      cac: 6.7.14
    dev: true

  /@farmfe/utils@0.1.0:
    resolution: {integrity: sha512-neNJQGqV7XL4XifG1uHOBFSFLy2yx1/DVZNRA7nfeEAXEksVZTwWA+fZrYEaI0w7Sw6K/9NYn9Jgpn+NAT0mcg==}
    dev: true

  /@napi-rs/cli@2.18.4:
    resolution: {integrity: sha512-SgJeA4df9DE2iAEpr3M2H0OKl/yjtg1BnRI5/JyowS71tUWhrfSu2LT0V3vlHET+g1hBVlrO60PmEXwUEKp8Mg==}
    engines: {node: '>= 10'}
    hasBin: true
    dev: true

  /cac@6.7.14:
    resolution: {integrity: sha512-b6Ilus+c3RrdDk+JhLKUAQfzzgLEPy6wcXqS7f/xe1EETvsDP6GORG7SFuOs6cID5YkqchW/LXZbX5bc8j7ZcQ==}
    engines: {node: '>=8'}
    dev: true
