lockfileVersion: '6.0'

settings:
  autoInstallPeers: true
  excludeLinksFromLockfile: false

devDependencies:
  '@farmfe/plugin-tools':
    specifier: latest
    version: 0.1.1

packages:

  /@farmfe/plugin-tools@0.1.1:
    resolution: {integrity: sha512-7ox1VgCI5AWFrIUQVLEYGdqCSGNBJYRC0Yhu5sK0a/sR/OSaZa97MdiKA80LkM6UgK+dDFy49rPre10U/M7yww==}
    hasBin: true
    dependencies:
      '@farmfe/utils': 0.1.0
      '@napi-rs/cli': 2.18.2
      cac: 6.7.14
    dev: true

  /@farmfe/utils@0.1.0:
    resolution: {integrity: sha512-neNJQGqV7XL4XifG1uHOBFSFLy2yx1/DVZNRA7nfeEAXEksVZTwWA+fZrYEaI0w7Sw6K/9NYn9Jgpn+NAT0mcg==}
    dev: true

  /@napi-rs/cli@2.18.2:
    resolution: {integrity: sha512-IXQji3IF5eStxTHe/PxDSRjPrFymYAQ5FbIvqurxzxyWR8nJql9mtvmCP8y2g8tSoW5xhaToLQW0+mO3lUZq4w==}
    engines: {node: '>= 10'}
    hasBin: true
    dev: true

  /cac@6.7.14:
    resolution: {integrity: sha512-b6Ilus+c3RrdDk+JhLKUAQfzzgLEPy6wcXqS7f/xe1EETvsDP6GORG7SFuOs6cID5YkqchW/LXZbX5bc8j7ZcQ==}
    engines: {node: '>=8'}
    dev: true
